<?xml version="1.0" encoding="utf-8"?>
<Project ToolsVersion="4.0" xmlns="http://schemas.microsoft.com/developer/msbuild/2003">
  <ItemGroup>
    <FxCompile Include="Shaders\BlackHole_Body_VS.shader">
      <Filter>Shaders</Filter>
    </FxCompile>
    <FxCompile Include="Shaders\SpaceStars_VS.shader">
      <Filter>Shaders</Filter>
    </FxCompile>
    <FxCompile Include="Shaders\StarLink_PS.shader">
      <Filter>Shaders</Filter>
    </FxCompile>
  </ItemGroup>
  <ItemGroup>
    <ClCompile Include="Button.cpp" />
    <ClCompile Include="BaseStar.cpp" />
    <ClCompile Include="cameraclass.cpp" />
    <ClCompile Include="CollisionManagerClass.cpp" />
    <ClCompile Include="CollisionSystem.cpp" />
    <ClCompile Include="CombatSystem.cpp" />
    <ClCompile Include="Constellation.cpp" />
    <ClCompile Include="CollisionDrawSystem.cpp" />
    <ClCompile Include="MultiDamageGiver.cpp" />
    <ClCompile Include="SingleDamageGiver.cpp" />
    <ClCompile Include="DelayedDestroy.cpp" />
    <ClCompile Include="dx11.cpp" />
    <ClCompile Include="dx11minimal.cpp" />
    <ClCompile Include="Entity.cpp" />
    <ClCompile Include="EntityManagerSystem.cpp" />
    <ClCompile Include="FrustumClass.cpp" />
    <ClCompile Include="Health.cpp" />
    <ClCompile Include="Explosion.cpp" />
    <ClCompile Include="ExplosionSystem.cpp" />
    <ClCompile Include="LevelManagerClass.cpp" />
    <ClCompile Include="Mesh.cpp" />
    <ClCompile Include="MeshSystem.cpp" />
    <ClCompile Include="MethodOfClosest.cpp" />
    <ClCompile Include="MouseClass.cpp" />
    <ClCompile Include="Patern_Enemy_Logik.cpp" />
    <ClCompile Include="PlayerController.cpp" />
    <ClCompile Include="Point3d.cpp" />
    <ClCompile Include="Point4d.cpp" />
    <ClCompile Include="PointCloud.cpp" />
    <ClCompile Include="Rect.cpp" />
    <ClCompile Include="SmallConstellation.cpp" />
    <ClCompile Include="SplinePath.cpp" />
    <ClCompile Include="SpriteCluster.cpp" />
    <ClCompile Include="PhysicBody.cpp" />
    <ClCompile Include="PhysicSystem.cpp" />
    <ClCompile Include="PlaneCollider.cpp" />
    <ClCompile Include="SpriteSystem.cpp" />
    <ClCompile Include="SphereCollider.cpp" />
    <ClCompile Include="Star.cpp" />
    <ClCompile Include="SurfaceCollider.cpp" />
    <ClCompile Include="TextLabel.cpp" />
    <ClCompile Include="timer.cpp" />
    <ClCompile Include="Transform.cpp" />
    <ClCompile Include="UISystem.cpp" />
    <ClCompile Include="utils.cpp" />
    <ClCompile Include="WindowClass.cpp" />
    <ClCompile Include="World.cpp" />
  </ItemGroup>
  <ItemGroup>
    <ClInclude Include="BaseStar.h">
      <Filter>Headers</Filter>
    </ClInclude>
    <ClInclude Include="cameraclass.h">
      <Filter>Headers</Filter>
    </ClInclude>
    <ClInclude Include="collider.h">
      <Filter>Headers</Filter>
    </ClInclude>
    <ClInclude Include="CollisionManagerClass.h">
      <Filter>Headers</Filter>
    </ClInclude>
    <ClInclude Include="component.h">
      <Filter>Headers</Filter>
    </ClInclude>
    <ClInclude Include="Enemy_Patern.h">
      <Filter>Headers</Filter>
    </ClInclude>
    <ClInclude Include="entity.h">
      <Filter>Headers</Filter>
    </ClInclude>
    <ClInclude Include="Font_OLD.h">
      <Filter>Headers</Filter>
    </ClInclude>
    <ClInclude Include="FpsCounter.h">
      <Filter>Headers</Filter>
    </ClInclude>
    <ClInclude Include="framework.h">
      <Filter>Headers</Filter>
    </ClInclude>
    <ClInclude Include="frustumclass.h">
      <Filter>Headers</Filter>
    </ClInclude>
    <ClInclude Include="LevelManagerClass.h">
      <Filter>Headers</Filter>
    </ClInclude>
    <ClInclude Include="MethodOfClosest.h">
      <Filter>Headers</Filter>
    </ClInclude>
    <ClInclude Include="dx11.h">
      <Filter>Headers</Filter>
    </ClInclude>
    <ClInclude Include="mouseclass.h">
      <Filter>Headers</Filter>
    </ClInclude>
    <ClInclude Include="ParticleObject.h">
      <Filter>Headers</Filter>
    </ClInclude>
    <ClInclude Include="ParticleSystem.h">
      <Filter>Headers</Filter>
    </ClInclude>
    <ClInclude Include="PlayerController.h">
      <Filter>Headers</Filter>
    </ClInclude>
    <ClInclude Include="Point3d.h">
      <Filter>Headers</Filter>
    </ClInclude>
    <ClInclude Include="Point4d.h">
      <Filter>Headers</Filter>
    </ClInclude>
    <ClInclude Include="renderCompress.h">
      <Filter>Headers</Filter>
    </ClInclude>
    <ClInclude Include="Resource.h">
      <Filter>Headers</Filter>
    </ClInclude>
    <ClInclude Include="SmallConstellation.h">
      <Filter>Headers</Filter>
    </ClInclude>
    <ClInclude Include="StarAttack.h">
      <Filter>Headers</Filter>
    </ClInclude>
    <ClInclude Include="system.h">
      <Filter>Headers</Filter>
    </ClInclude>
    <ClInclude Include="targetver.h">
      <Filter>Headers</Filter>
    </ClInclude>
    <ClInclude Include="timer.h">
      <Filter>Headers</Filter>
    </ClInclude>
    <ClInclude Include="utils.h">
      <Filter>Headers</Filter>
    </ClInclude>
    <ClInclude Include="windowclass.h">
      <Filter>Headers</Filter>
    </ClInclude>
    <ClInclude Include="world.h">
      <Filter>Headers</Filter>
    </ClInclude>
  </ItemGroup>
  <ItemGroup>
    <Image Include="Resourses\Images\dx11minimal.ico">
      <Filter>Resources</Filter>
    </Image>
    <Image Include="small.ico">
      <Filter>Resources</Filter>
    </Image>
  </ItemGroup>
  <ItemGroup>
    <None Include="Shaders\AriesNebula_GS.shader">
      <Filter>Shaders</Filter>
    </None>
    <None Include="Shaders\AriesNebula_PS.shader">
      <Filter>Shaders</Filter>
    </None>
    <None Include="Shaders\AriesNebula_VS.shader">
      <Filter>Shaders</Filter>
    </None>
    <None Include="Shaders\BlackHole_Body_PS.shader">
      <Filter>Shaders</Filter>
    </None>
    <None Include="Shaders\Cross_PS.shader">
      <Filter>Shaders</Filter>
    </None>
    <None Include="Shaders\Cross_VS.shader">
      <Filter>Shaders</Filter>
    </None>
    <None Include="Shaders\Cursor_PS.shader">
      <Filter>Shaders</Filter>
    </None>
    <None Include="Shaders\Cursor_VS.shader">
      <Filter>Shaders</Filter>
    </None>
    <None Include="Shaders\DepthCutoff_PS.shader">
      <Filter>Shaders</Filter>
    </None>
    <None Include="Shaders\DepthDown.shader">
      <Filter>Shaders</Filter>
    </None>
    <None Include="Shaders\DotText_PS.shader">
      <Filter>Shaders</Filter>
    </None>
    <None Include="Shaders\DotText_VS.shader">
      <Filter>Shaders</Filter>
    </None>
    <None Include="Shaders\GalaxyFog_PS.shader">
      <Filter>Shaders</Filter>
    </None>
    <None Include="Shaders\GalaxyFog_VS.shader">
      <Filter>Shaders</Filter>
    </None>
    <None Include="Shaders\Lensing_PS.shader">
      <Filter>Shaders</Filter>
    </None>
    <None Include="Shaders\Mesh_Fit_PS.shader">
      <Filter>Shaders</Filter>
    </None>
    <None Include="Shaders\Mesh_Stretch_PS.shader">
      <Filter>Shaders</Filter>
    </None>
    <None Include="Shaders\Mesh_VS.shader">
      <Filter>Shaders</Filter>
    </None>
    <None Include="Shaders\PerlinNoise.shader">
      <Filter>Shaders</Filter>
    </None>
    <None Include="Shaders\PointCloud_GS.shader">
      <Filter>Shaders</Filter>
    </None>
    <None Include="Shaders\PointCloud_PS.shader">
      <Filter>Shaders</Filter>
    </None>
    <None Include="Shaders\PointCloud_VS.shader">
      <Filter>Shaders</Filter>
    </None>
    <None Include="Shaders\PP_PS.shader">
      <Filter>Shaders</Filter>
    </None>
    <None Include="Shaders\PP_VS.shader">
      <Filter>Shaders</Filter>
    </None>
    <None Include="Shaders\PS.shader">
      <Filter>Shaders</Filter>
    </None>
    <None Include="Shaders\PSFS.shader">
      <Filter>Shaders</Filter>
    </None>
    <None Include="Shaders\PSS.shader">
      <Filter>Shaders</Filter>
    </None>
    <None Include="Shaders\Rect_Smooth_PS.shader">
      <Filter>Shaders</Filter>
    </None>
    <None Include="Shaders\Rect_Strict_PS.shader">
      <Filter>Shaders</Filter>
    </None>
    <None Include="Shaders\Rect_VS.shader">
      <Filter>Shaders</Filter>
    </None>
    <None Include="Shaders\SpaceStars_PS.shader">
      <Filter>Shaders</Filter>
    </None>
    <None Include="Shaders\SpeedParticles_PS.shader">
      <Filter>Shaders</Filter>
    </None>
    <None Include="Shaders\SpeedParticles_VS.shader">
      <Filter>Shaders</Filter>
    </None>
    <None Include="Shaders\Sphere_PS.shader">
      <Filter>Shaders</Filter>
    </None>
    <None Include="Shaders\Sphere_VS.shader">
      <Filter>Shaders</Filter>
    </None>
    <None Include="Shaders\StarCrown_PS.shader">
      <Filter>Shaders</Filter>
    </None>
    <None Include="Shaders\StarCrown_VS.shader">
      <Filter>Shaders</Filter>
    </None>
    <None Include="Shaders\StarLink_VS.shader">
      <Filter>Shaders</Filter>
    </None>
    <None Include="Shaders\StarSphere_PS.shader">
      <Filter>Shaders</Filter>
    </None>
    <None Include="Shaders\StarSphere_VS.shader">
      <Filter>Shaders</Filter>
    </None>
    <None Include="Shaders\UiParticle_PS.shader">
      <Filter>Shaders</Filter>
    </None>
    <None Include="Shaders\UiParticle_VS.shader">
      <Filter>Shaders</Filter>
    </None>
    <None Include="Shaders\Lib\utils.shader">
      <Filter>Shaders</Filter>
    </None>
    <None Include="Shaders\VoronoiNoise.shader">
      <Filter>Shaders</Filter>
    </None>
    <None Include="Shaders\VS.shader">
      <Filter>Shaders</Filter>
    </None>
    <None Include="Shaders\VSFS.shader">
      <Filter>Shaders</Filter>
    </None>
    <None Include="Shaders\VSS.shader">
      <Filter>Shaders</Filter>
    </None>
  </ItemGroup>
  <ItemGroup>
    <Filter Include="Shaders">
      <UniqueIdentifier>{a787fe97-66c5-41bb-8f0c-a7e96fba0307}</UniqueIdentifier>
    </Filter>
    <Filter Include="Resources">
      <UniqueIdentifier>{ca3c044b-6683-40a0-8577-ae71eecf0e28}</UniqueIdentifier>
    </Filter>
    <Filter Include="Headers">
      <UniqueIdentifier>{9fc2c6b2-ffcd-4bfc-8e84-f94c441b789b}</UniqueIdentifier>
    </Filter>
  </ItemGroup>
  <ItemGroup>
    <ResourceCompile Include="dx11minimal.rc">
      <Filter>Resources</Filter>
    </ResourceCompile>
  </ItemGroup>
</Project>